
Microsoft Visual Studio Solution File, Format Version 10.00
# Visual Studio 2008
Project("{8BC9CEB8-8B4A-11D0-8D11-00A0C91BC942}") = "proxy_dll", "proxy_dll.vcproj", "{2C204BAA-A474-42FF-9355-8738DD60352E}"
EndProject
Global
	GlobalSection(SolutionConfigurationPlatforms) = preSolution
		Debug|Win32 = Debug|Win32
		Release|Win32 = Release|Win32
	EndGlobalSection
	GlobalSection(ProjectConfigurationPlatforms) = postSolution
		{2C204BAA-A474-42FF-9355-8738DD60352E}.Debug|Win32.ActiveCfg = Debug|Win32
		{2C204BAA-A474-42FF-9355-8738DD60352E}.Debug|Win32.Build.0 = Debug|Win32
		{2C204BAA-A474-42FF-9355-8738DD60352E}.Release|Win32.ActiveCfg = Release|Win32
		{2C204BAA-A474-42FF-9355-8738DD60352E}.Release|Win32.Build.0 = Release|Win32
	EndGlobalSection
	GlobalSection(SolutionProperties) = preSolution
		HideSolutionNode = FALSE
	EndGlobalSection
EndGlobal
